
Microsoft Visual Studio Solution File, Format Version 12.00
# Visual Studio Version 17
VisualStudioVersion = 17.1.32210.238
MinimumVisualStudioVersion = 10.0.40219.1
Project("{FAE04EC0-301F-11D3-BF4B-00C04F79EFBC}") = "RabbitMQProducer", "RabbitMQProducer\RabbitMQProducer.csproj", "{56AE3870-06C6-47C4-953D-3743A4D6EAA3}"
EndProject
Project("{FAE04EC0-301F-11D3-BF4B-00C04F79EFBC}") = "RabbitMQConsumer", "RabbitMQConsumer\RabbitMQConsumer.csproj", "{A7AEAA42-6CE2-482F-A002-69D6448E035B}"
EndProject
Project("{FAE04EC0-301F-11D3-BF4B-00C04F79EFBC}") = "RabbitMQModels", "RabbitMQModels\RabbitMQModels.csproj", "{6246B7FC-9D43-435E-8DA1-5D7DB2E871FB}"
EndProject
Global
	GlobalSection(SolutionConfigurationPlatforms) = preSolution
		Debug|Any CPU = Debug|Any CPU
		Release|Any CPU = Release|Any CPU
	EndGlobalSection
	GlobalSection(ProjectConfigurationPlatforms) = postSolution
		{56AE3870-06C6-47C4-953D-3743A4D6EAA3}.Debug|Any CPU.ActiveCfg = Debug|Any CPU
		{56AE3870-06C6-47C4-953D-3743A4D6EAA3}.Debug|Any CPU.Build.0 = Debug|Any CPU
		{56AE3870-06C6-47C4-953D-3743A4D6EAA3}.Release|Any CPU.ActiveCfg = Release|Any CPU
		{56AE3870-06C6-47C4-953D-3743A4D6EAA3}.Release|Any CPU.Build.0 = Release|Any CPU
		{A7AEAA42-6CE2-482F-A002-69D6448E035B}.Debug|Any CPU.ActiveCfg = Debug|Any CPU
		{A7AEAA42-6CE2-482F-A002-69D6448E035B}.Debug|Any CPU.Build.0 = Debug|Any CPU
		{A7AEAA42-6CE2-482F-A002-69D6448E035B}.Release|Any CPU.ActiveCfg = Release|Any CPU
		{A7AEAA42-6CE2-482F-A002-69D6448E035B}.Release|Any CPU.Build.0 = Release|Any CPU
		{6246B7FC-9D43-435E-8DA1-5D7DB2E871FB}.Debug|Any CPU.ActiveCfg = Debug|Any CPU
		{6246B7FC-9D43-435E-8DA1-5D7DB2E871FB}.Debug|Any CPU.Build.0 = Debug|Any CPU
		{6246B7FC-9D43-435E-8DA1-5D7DB2E871FB}.Release|Any CPU.ActiveCfg = Release|Any CPU
		{6246B7FC-9D43-435E-8DA1-5D7DB2E871FB}.Release|Any CPU.Build.0 = Release|Any CPU
	EndGlobalSection
	GlobalSection(SolutionProperties) = preSolution
		HideSolutionNode = FALSE
	EndGlobalSection
	GlobalSection(ExtensibilityGlobals) = postSolution
		SolutionGuid = {E8B8C281-BB3D-4A43-9F16-6FD508D2109D}
	EndGlobalSection
EndGlobal
